
Microsoft Visual Studio Solution File, Format Version 12.00
# Visual Studio Version 16
VisualStudioVersion = 16.0.33027.164
MinimumVisualStudioVersion = 10.0.40219.1
Project("{FAE04EC0-301F-11D3-BF4B-00C04F79EFBC}") = "Lesson02 DataType", "Lesson02 DataType\Lesson02 DataType.csproj", "{40327476-6DFA-4F98-93CF-D4DDB29A023A}"
EndProject
Global
	GlobalSection(SolutionConfigurationPlatforms) = preSolution
		Debug|Any CPU = Debug|Any CPU
		Release|Any CPU = Release|Any CPU
	EndGlobalSection
	GlobalSection(ProjectConfigurationPlatforms) = postSolution
		{40327476-6DFA-4F98-93CF-D4DDB29A023A}.Debug|Any CPU.ActiveCfg = Debug|Any CPU
		{40327476-6DFA-4F98-93CF-D4DDB29A023A}.Debug|Any CPU.Build.0 = Debug|Any CPU
		{40327476-6DFA-4F98-93CF-D4DDB29A023A}.Release|Any CPU.ActiveCfg = Release|Any CPU
		{40327476-6DFA-4F98-93CF-D4DDB29A023A}.Release|Any CPU.Build.0 = Release|Any CPU
	EndGlobalSection
	GlobalSection(SolutionProperties) = preSolution
		HideSolutionNode = FALSE
	EndGlobalSection
	GlobalSection(ExtensibilityGlobals) = postSolution
		SolutionGuid = {3DB16A01-B50A-4701-B721-CF70FEBC018D}
	EndGlobalSection
EndGlobal
